{
    "_readme": [
        "This file locks the dependencies of your project to a known state",
        "Read more about it at https://getcomposer.org/doc/01-basic-usage.md#composer-lock-the-lock-file",
        "This file is @generated automatically"
    ],
    "hash": "639a4a25fe24e50a6f32a6f8f6bbacf4",
    "content-hash": "e2f3fc691bc451df3f7e3986c28738e1",
    "packages": [
        {
            "name": "facebook/facebook-instant-articles-sdk-extensions-in-php",
            "version": "v0.2.0",
            "source": {
                "type": "git",
                "url": "https://github.com/facebook/facebook-instant-articles-sdk-extensions-in-php.git",
                "reference": "d228dd32fcf896ac65f1723141e3c16211a06b54"
            },
            "dist": {
                "type": "zip",
                "url": "https://api.github.com/repos/facebook/facebook-instant-articles-sdk-extensions-in-php/zipball/d228dd32fcf896ac65f1723141e3c16211a06b54",
                "reference": "d228dd32fcf896ac65f1723141e3c16211a06b54",
                "shasum": ""
            },
            "require": {
                "facebook/facebook-instant-articles-sdk-php": "^1.8.2",
                "php": "^5.4 || ^7.0"
            },
            "require-dev": {
                "phpdocumentor/reflection-docblock": "^2.0",
                "phpunit/phpunit": "^4.8",
                "squizlabs/php_codesniffer": "^3.0.0"
            },
            "type": "library",
            "autoload": {
                "psr-4": {
                    "Facebook\\InstantArticles\\": "src/Facebook/InstantArticles/"
                }
            },
            "notification-url": "https://packagist.org/downloads/",
            "license": [
                "proprietary"
            ],
            "authors": [
                {
                    "name": "Facebook",
                    "homepage": "https://github.com/facebook/facebook-instant-articles-sdk-extensions-in-php/contributors"
                }
            ],
            "description": "Facebook Instant Articles SDK Extensions in PHP to transform Instant Articles markup file into AMP",
            "homepage": "https://github.com/facebook/facebook-instant-articles-sdk-extensions-in-php",
            "keywords": [
                "amp",
                "articles",
                "extensions",
                "facebook",
                "instant",
                "instantarticles",
                "sdk"
            ],
            "time": "2018-02-07 02:52:53"
        },
        {
            "name": "facebook/facebook-instant-articles-sdk-php",
            "version": "v1.8.3",
            "source": {
                "type": "git",
                "url": "https://github.com/facebook/facebook-instant-articles-sdk-php.git",
                "reference": "37439793352206aa2e600d3bb8c361442fb09b73"
            },
            "dist": {
                "type": "zip",
                "url": "https://api.github.com/repos/facebook/facebook-instant-articles-sdk-php/zipball/37439793352206aa2e600d3bb8c361442fb09b73",
                "reference": "37439793352206aa2e600d3bb8c361442fb09b73",
                "shasum": ""
            },
            "require": {
                "facebook/graph-sdk": "~5.0",
                "php": "^5.4 || ^7.0",
                "symfony/css-selector": "2.8.*"
            },
            "require-dev": {
                "fzaninotto/faker": "^1.6.0",
                "phpdocumentor/reflection-docblock": "^2.0",
                "phpunit/phpunit": "4.8.*",
                "squizlabs/php_codesniffer": "^2.6.0",
                "symfony/yaml": "2.1.*"
            },
            "type": "library",
            "autoload": {
                "psr-4": {
                    "Facebook\\InstantArticles\\": "src/Facebook/InstantArticles/"
                }
            },
            "notification-url": "https://packagist.org/downloads/",
            "license": [
                "proprietary"
            ],
            "authors": [
                {
                    "name": "Facebook",
                    "homepage": "https://github.com/facebook/facebook-instant-articles-sdk-php/contributors"
                }
            ],
            "description": "Facebook Instant Articles SDK for PHP",
            "homepage": "https://github.com/facebook/facebook-instant-articles-sdk-php",
            "keywords": [
                "articles",
                "facebook",
                "instant",
                "sdk"
            ],
            "time": "2018-02-04 23:12:58"
        },
        {
            "name": "facebook/graph-sdk",
            "version": "5.6.1",
            "source": {
                "type": "git",
                "url": "https://github.com/facebook/php-graph-sdk.git",
                "reference": "2f9639c15ae043911f40ffe44080b32bac2c5280"
            },
            "dist": {
                "type": "zip",
                "url": "https://api.github.com/repos/facebook/php-graph-sdk/zipball/2f9639c15ae043911f40ffe44080b32bac2c5280",
                "reference": "2f9639c15ae043911f40ffe44080b32bac2c5280",
                "shasum": ""
            },
            "require": {
                "php": "^5.4|^7.0"
            },
            "require-dev": {
                "guzzlehttp/guzzle": "~5.0",
                "mockery/mockery": "~0.8",
                "phpunit/phpunit": "~4.0"
            },
            "suggest": {
                "guzzlehttp/guzzle": "Allows for implementation of the Guzzle HTTP client",
                "paragonie/random_compat": "Provides a better CSPRNG option in PHP 5"
            },
            "type": "library",
            "extra": {
                "branch-alias": {
                    "dev-master": "5.x-dev"
                }
            },
            "autoload": {
                "psr-4": {
                    "Facebook\\": "src/Facebook/"
                },
                "files": [
                    "src/Facebook/polyfills.php"
                ]
            },
            "notification-url": "https://packagist.org/downloads/",
            "license": [
                "Facebook Platform"
            ],
            "authors": [
                {
                    "name": "Facebook",
                    "homepage": "https://github.com/facebook/php-graph-sdk/contributors"
                }
            ],
            "description": "Facebook SDK for PHP",
            "homepage": "https://github.com/facebook/php-graph-sdk",
            "keywords": [
                "facebook",
                "sdk"
            ],
            "time": "2017-08-16 17:28:07"
        },
        {
            "name": "symfony/css-selector",
            "version": "v2.8.34",
            "source": {
                "type": "git",
                "url": "https://github.com/symfony/css-selector.git",
                "reference": "c5b39674eacd34adedbef78227c57109caa9e318"
            },
            "dist": {
                "type": "zip",
                "url": "https://api.github.com/repos/symfony/css-selector/zipball/c5b39674eacd34adedbef78227c57109caa9e318",
                "reference": "c5b39674eacd34adedbef78227c57109caa9e318",
                "shasum": ""
            },
            "require": {
                "php": ">=5.3.9"
            },
            "type": "library",
            "extra": {
                "branch-alias": {
                    "dev-master": "2.8-dev"
                }
            },
            "autoload": {
                "psr-4": {
                    "Symfony\\Component\\CssSelector\\": ""
                },
                "exclude-from-classmap": [
                    "/Tests/"
                ]
            },
            "notification-url": "https://packagist.org/downloads/",
            "license": [
                "MIT"
            ],
            "authors": [
                {
                    "name": "Jean-François Simon",
                    "email": "jeanfrancois.simon@sensiolabs.com"
                },
                {
                    "name": "Fabien Potencier",
                    "email": "fabien@symfony.com"
                },
                {
                    "name": "Symfony Community",
                    "homepage": "https://symfony.com/contributors"
                }
            ],
            "description": "Symfony CssSelector Component",
            "homepage": "https://symfony.com",
            "time": "2018-01-03 07:36:31"
        }
    ],
    "packages-dev": [],
    "aliases": [],
    "minimum-stability": "stable",
    "stability-flags": [],
    "prefer-stable": false,
    "prefer-lowest": false,
    "platform": {
        "php": "^5.4 || ^7.0"
    },
    "platform-dev": []
}
