{
    "_readme": [
        "This file locks the dependencies of your project to a known state",
        "Read more about it at https://getcomposer.org/doc/01-basic-usage.md#installing-dependencies",
        "This file is @generated automatically"
    ],
    "content-hash": "701c61581a8bb33d47db83bbfbee9e82",
    "packages": [
        {
            "name": "doctrine/instantiator",
            "version": "1.0.5",
            "source": {
                "type": "git",
                "url": "https://github.com/doctrine/instantiator.git",
                "reference": "8e884e78f9f0eb1329e445619e04456e64d8051d"
            },
            "dist": {
                "type": "zip",
                "url": "https://api.github.com/repos/doctrine/instantiator/zipball/8e884e78f9f0eb1329e445619e04456e64d8051d",
                "reference": "8e884e78f9f0eb1329e445619e04456e64d8051d",
                "shasum": ""
            },
            "require": {
                "php": ">=5.3,<8.0-DEV"
            },
            "require-dev": {
                "athletic/athletic": "~0.1.8",
                "ext-pdo": "*",
                "ext-phar": "*",
                "phpunit/phpunit": "~4.0",
                "squizlabs/php_codesniffer": "~2.0"
            },
            "type": "library",
            "extra": {
                "branch-alias": {
                    "dev-master": "1.0.x-dev"
                }
            },
            "autoload": {
                "psr-4": {
                    "Doctrine\\Instantiator\\": "src/Doctrine/Instantiator/"
                }
            },
            "notification-url": "https://packagist.org/downloads/",
            "license": [
                "MIT"
            ],
            "authors": [
                {
                    "name": "Marco Pivetta",
                    "email": "ocramius@gmail.com",
                    "homepage": "http://ocramius.github.com/"
                }
            ],
            "description": "A small, lightweight utility to instantiate objects in PHP without invoking their constructors",
            "homepage": "https://github.com/doctrine/instantiator",
            "keywords": [
                "constructor",
                "instantiate"
            ],
            "time": "2015-06-14T21:17:01+00:00"
        },
        {
            "name": "facebook/facebook-instant-articles-sdk-extensions-in-php",
            "version": "v0.2.1",
            "source": {
                "type": "git",
                "url": "https://github.com/facebook/facebook-instant-articles-sdk-extensions-in-php.git",
                "reference": "de4470829537326987feadad6a19445c33a20383"
            },
            "dist": {
                "type": "zip",
                "url": "https://api.github.com/repos/facebook/facebook-instant-articles-sdk-extensions-in-php/zipball/de4470829537326987feadad6a19445c33a20383",
                "reference": "de4470829537326987feadad6a19445c33a20383",
                "shasum": ""
            },
            "require": {
                "doctrine/instantiator": "<=1.0.5",
                "facebook/facebook-instant-articles-sdk-php": "^1.8.3",
                "php": "^5.4 || ^7.0"
            },
            "require-dev": {
                "phpdocumentor/reflection-docblock": "^2.0",
                "phpunit/phpunit": "^4.8",
                "squizlabs/php_codesniffer": "^3.0.0"
            },
            "type": "library",
            "autoload": {
                "psr-4": {
                    "Facebook\\InstantArticles\\": "src/Facebook/InstantArticles/"
                }
            },
            "notification-url": "https://packagist.org/downloads/",
            "license": [
                "proprietary"
            ],
            "authors": [
                {
                    "name": "Facebook",
                    "homepage": "https://github.com/facebook/facebook-instant-articles-sdk-extensions-in-php/contributors"
                }
            ],
            "description": "Facebook Instant Articles SDK Extensions in PHP to transform Instant Articles markup file into AMP",
            "homepage": "https://github.com/facebook/facebook-instant-articles-sdk-extensions-in-php",
            "keywords": [
                "amp",
                "articles",
                "extensions",
                "facebook",
                "instant",
                "instantarticles",
                "sdk"
            ],
            "abandoned": true,
            "time": "2018-02-08T18:21:18+00:00"
        },
        {
            "name": "facebook/facebook-instant-articles-sdk-php",
            "version": "v1.10.2",
            "source": {
                "type": "git",
                "url": "https://github.com/facebook/facebook-instant-articles-sdk-php.git",
                "reference": "6f305ffc978f88461c0dc887b4f94118e05488d9"
            },
            "dist": {
                "type": "zip",
                "url": "https://api.github.com/repos/facebook/facebook-instant-articles-sdk-php/zipball/6f305ffc978f88461c0dc887b4f94118e05488d9",
                "reference": "6f305ffc978f88461c0dc887b4f94118e05488d9",
                "shasum": ""
            },
            "require": {
                "facebook/graph-sdk": "~5.0",
                "php": "^5.4 || ^5.6 || ^7",
                "symfony/css-selector": "^2.8 || ^3.1 || ^4.1"
            },
            "require-dev": {
                "fzaninotto/faker": "^1.6.0",
                "phpdocumentor/reflection-docblock": "^2.0 || ^4.0",
                "phpunit/phpunit": "4.8.*",
                "squizlabs/php_codesniffer": "^2.6.0 || ^3.0.0",
                "symfony/yaml": "2.1.* || 3.4.*"
            },
            "type": "library",
            "autoload": {
                "psr-4": {
                    "Facebook\\InstantArticles\\": "src/Facebook/InstantArticles/"
                }
            },
            "notification-url": "https://packagist.org/downloads/",
            "license": [
                "proprietary"
            ],
            "authors": [
                {
                    "name": "Facebook",
                    "homepage": "https://github.com/facebook/facebook-instant-articles-sdk-php/contributors"
                }
            ],
            "description": "Facebook Instant Articles SDK for PHP",
            "homepage": "https://github.com/facebook/facebook-instant-articles-sdk-php",
            "keywords": [
                "articles",
                "facebook",
                "instant",
                "sdk"
            ],
            "time": "2021-04-12T18:39:47+00:00"
        },
        {
            "name": "facebook/graph-sdk",
            "version": "5.7.0",
            "source": {
                "type": "git",
                "url": "https://github.com/facebook/php-graph-sdk.git",
                "reference": "2d8250638b33d73e7a87add65f47fabf91f8ad9b"
            },
            "dist": {
                "type": "zip",
                "url": "https://api.github.com/repos/facebook/php-graph-sdk/zipball/2d8250638b33d73e7a87add65f47fabf91f8ad9b",
                "reference": "2d8250638b33d73e7a87add65f47fabf91f8ad9b",
                "shasum": ""
            },
            "require": {
                "php": "^5.4|^7.0"
            },
            "require-dev": {
                "guzzlehttp/guzzle": "~5.0",
                "mockery/mockery": "~0.8",
                "phpunit/phpunit": "~4.0"
            },
            "suggest": {
                "guzzlehttp/guzzle": "Allows for implementation of the Guzzle HTTP client",
                "paragonie/random_compat": "Provides a better CSPRNG option in PHP 5"
            },
            "type": "library",
            "extra": {
                "branch-alias": {
                    "dev-master": "5.x-dev"
                }
            },
            "autoload": {
                "psr-4": {
                    "Facebook\\": "src/Facebook/"
                },
                "files": [
                    "src/Facebook/polyfills.php"
                ]
            },
            "notification-url": "https://packagist.org/downloads/",
            "license": [
                "Facebook Platform"
            ],
            "authors": [
                {
                    "name": "Facebook",
                    "homepage": "https://github.com/facebook/php-graph-sdk/contributors"
                }
            ],
            "description": "Facebook SDK for PHP",
            "homepage": "https://github.com/facebook/php-graph-sdk",
            "keywords": [
                "facebook",
                "sdk"
            ],
            "time": "2018-12-11T22:56:31+00:00"
        },
        {
            "name": "symfony/css-selector",
            "version": "v4.4.20",
            "source": {
                "type": "git",
                "url": "https://github.com/symfony/css-selector.git",
                "reference": "f907d3e53ecb2a5fad8609eb2f30525287a734c8"
            },
            "dist": {
                "type": "zip",
                "url": "https://api.github.com/repos/symfony/css-selector/zipball/f907d3e53ecb2a5fad8609eb2f30525287a734c8",
                "reference": "f907d3e53ecb2a5fad8609eb2f30525287a734c8",
                "shasum": ""
            },
            "require": {
                "php": ">=7.1.3"
            },
            "type": "library",
            "autoload": {
                "psr-4": {
                    "Symfony\\Component\\CssSelector\\": ""
                },
                "exclude-from-classmap": [
                    "/Tests/"
                ]
            },
            "notification-url": "https://packagist.org/downloads/",
            "license": [
                "MIT"
            ],
            "authors": [
                {
                    "name": "Fabien Potencier",
                    "email": "fabien@symfony.com"
                },
                {
                    "name": "Jean-François Simon",
                    "email": "jeanfrancois.simon@sensiolabs.com"
                },
                {
                    "name": "Symfony Community",
                    "homepage": "https://symfony.com/contributors"
                }
            ],
            "description": "Converts CSS selectors to XPath expressions",
            "homepage": "https://symfony.com",
            "time": "2021-01-27T09:09:26+00:00"
        }
    ],
    "packages-dev": [],
    "aliases": [],
    "minimum-stability": "stable",
    "stability-flags": [],
    "prefer-stable": false,
    "prefer-lowest": false,
    "platform": {
        "php": "^7.0 || ^8.0.1"
    },
    "platform-dev": []
}
